# THIS IS AN AUTOGENERATED FILE. DO NOT EDIT THIS FILE DIRECTLY.
# yarn lockfile v1


pinia-plugin-persistedstate@^3.1.0:
  version "3.1.0"
  resolved "https://registry.yarnpkg.com/pinia-plugin-persistedstate/-/pinia-plugin-persistedstate-3.1.0.tgz#eada2b61ecd478fce88e490a685210415cd7a1b4"
  integrity sha512-8UN+vYMEPBdgNLwceY08mi5olI0wkYaEb8b6hD6xW7SnBRuPydWHlEhZvUWgNb/ibuf4PvufpvtS+dmhYjJQOw==
